// !$*UTF8*$!
{
	archiveVersion = 1;
	classes = {
	};
	objectVersion = 46;
	objects = {

/* Begin PBXBuildFile section */
		94D39F2D1B9EC0730096166B /* Main.storyboard in Resources */ = {isa = PBXBuildFile; fileRef = 94D39F2B1B9EC0730096166B /* Main.storyboard */; };
		94D41D181BA02B09003C7FFB /* placeholder_50.png in Resources */ = {isa = PBXBuildFile; fileRef = 94D41D171BA02B09003C7FFB /* placeholder_50.png */; };
		94D8954E1BA29AA10096368C /* TSAFacts.m in Sources */ = {isa = PBXBuildFile; fileRef = 94D8954D1BA29AA10096368C /* TSAFacts.m */; };
		94D895511BA29F7D0096368C /* TSAFactDetails.m in Sources */ = {isa = PBXBuildFile; fileRef = 94D895501BA29F7D0096368C /* TSAFactDetails.m */; };
		94DFC00F1BA2B3340038BD8A /* NoImage.png in Resources */ = {isa = PBXBuildFile; fileRef = 94DFC00E1BA2B3340038BD8A /* NoImage.png */; };
		9623235E1B99BC2F0054296C /* Sync.png in Resources */ = {isa = PBXBuildFile; fileRef = 9623235D1B99BC2E0054296C /* Sync.png */; };
		9643BB281B9D5AE4000915FC /* TSAConstants.m in Sources */ = {isa = PBXBuildFile; fileRef = 9643BB271B9D5AE4000915FC /* TSAConstants.m */; };
		96B7D1CE1B96C43E00DC5D5F /* main.m in Sources */ = {isa = PBXBuildFile; fileRef = 96B7D1CD1B96C43E00DC5D5F /* main.m */; };
		96B7D1D11B96C43E00DC5D5F /* AppDelegate.m in Sources */ = {isa = PBXBuildFile; fileRef = 96B7D1D01B96C43E00DC5D5F /* AppDelegate.m */; };
		96B7D1D41B96C43E00DC5D5F /* ViewController.m in Sources */ = {isa = PBXBuildFile; fileRef = 96B7D1D31B96C43E00DC5D5F /* ViewController.m */; };
		96B7D1D91B96C43E00DC5D5F /* Images.xcassets in Resources */ = {isa = PBXBuildFile; fileRef = 96B7D1D81B96C43E00DC5D5F /* Images.xcassets */; };
		96B7D1DC1B96C43E00DC5D5F /* LaunchScreen.xib in Resources */ = {isa = PBXBuildFile; fileRef = 96B7D1DA1B96C43E00DC5D5F /* LaunchScreen.xib */; };
		96B7D1E81B96C43E00DC5D5F /* TelstraSampleAppTests.m in Sources */ = {isa = PBXBuildFile; fileRef = 96B7D1E71B96C43E00DC5D5F /* TelstraSampleAppTests.m */; };
		96B7D1F31B96C62300DC5D5F /* TSACustomCell.m in Sources */ = {isa = PBXBuildFile; fileRef = 96B7D1F21B96C62300DC5D5F /* TSACustomCell.m */; };
		96B7D1F61B96CBAD00DC5D5F /* TSAAsyncServiceCall.m in Sources */ = {isa = PBXBuildFile; fileRef = 96B7D1F51B96CBAD00DC5D5F /* TSAAsyncServiceCall.m */; };
		96B7D1F91B96F5D500DC5D5F /* TSAImageDownloader.m in Sources */ = {isa = PBXBuildFile; fileRef = 96B7D1F81B96F5D500DC5D5F /* TSAImageDownloader.m */; };
/* End PBXBuildFile section */

/* Begin PBXContainerItemProxy section */
		96B7D1E21B96C43E00DC5D5F /* PBXContainerItemProxy */ = {
			isa = PBXContainerItemProxy;
			containerPortal = 96B7D1C01B96C43E00DC5D5F /* Project object */;
			proxyType = 1;
			remoteGlobalIDString = 96B7D1C71B96C43E00DC5D5F;
			remoteInfo = TelstraSampleApp;
		};
/* End PBXContainerItemProxy section */

/* Begin PBXFileReference section */
		94D39F2C1B9EC0730096166B /* Base */ = {isa = PBXFileReference; lastKnownFileType = file.storyboard; name = Base; path = Base.lproj/Main.storyboard; sourceTree = "<group>"; };
		94D41D171BA02B09003C7FFB /* placeholder_50.png */ = {isa = PBXFileReference; lastKnownFileType = image.png; path = placeholder_50.png; sourceTree = "<group>"; };
		94D8954C1BA29AA10096368C /* TSAFacts.h */ = {isa = PBXFileReference; fileEncoding = 4; lastKnownFileType = sourcecode.c.h; path = TSAFacts.h; sourceTree = "<group>"; };
		94D8954D1BA29AA10096368C /* TSAFacts.m */ = {isa = PBXFileReference; fileEncoding = 4; lastKnownFileType = sourcecode.c.objc; path = TSAFacts.m; sourceTree = "<group>"; };
		94D8954F1BA29F7D0096368C /* TSAFactDetails.h */ = {isa = PBXFileReference; fileEncoding = 4; lastKnownFileType = sourcecode.c.h; path = TSAFactDetails.h; sourceTree = "<group>"; };
		94D895501BA29F7D0096368C /* TSAFactDetails.m */ = {isa = PBXFileReference; fileEncoding = 4; lastKnownFileType = sourcecode.c.objc; path = TSAFactDetails.m; sourceTree = "<group>"; };
		94DFC00E1BA2B3340038BD8A /* NoImage.png */ = {isa = PBXFileReference; lastKnownFileType = image.png; path = NoImage.png; sourceTree = "<group>"; };
		9623235D1B99BC2E0054296C /* Sync.png */ = {isa = PBXFileReference; lastKnownFileType = image.png; path = Sync.png; sourceTree = "<group>"; };
		9643BB261B9D5AE4000915FC /* TSAConstants.h */ = {isa = PBXFileReference; fileEncoding = 4; lastKnownFileType = sourcecode.c.h; path = TSAConstants.h; sourceTree = "<group>"; };
		9643BB271B9D5AE4000915FC /* TSAConstants.m */ = {isa = PBXFileReference; fileEncoding = 4; lastKnownFileType = sourcecode.c.objc; path = TSAConstants.m; sourceTree = "<group>"; };
		96B7D1C81B96C43E00DC5D5F /* TelstraSampleApp.app */ = {isa = PBXFileReference; explicitFileType = wrapper.application; includeInIndex = 0; path = TelstraSampleApp.app; sourceTree = BUILT_PRODUCTS_DIR; };
		96B7D1CC1B96C43E00DC5D5F /* Info.plist */ = {isa = PBXFileReference; lastKnownFileType = text.plist.xml; path = Info.plist; sourceTree = "<group>"; };
		96B7D1CD1B96C43E00DC5D5F /* main.m */ = {isa = PBXFileReference; lastKnownFileType = sourcecode.c.objc; path = main.m; sourceTree = "<group>"; };
		96B7D1CF1B96C43E00DC5D5F /* AppDelegate.h */ = {isa = PBXFileReference; lastKnownFileType = sourcecode.c.h; path = AppDelegate.h; sourceTree = "<group>"; };
		96B7D1D01B96C43E00DC5D5F /* AppDelegate.m */ = {isa = PBXFileReference; lastKnownFileType = sourcecode.c.objc; path = AppDelegate.m; sourceTree = "<group>"; };
		96B7D1D21B96C43E00DC5D5F /* ViewController.h */ = {isa = PBXFileReference; lastKnownFileType = sourcecode.c.h; path = ViewController.h; sourceTree = "<group>"; };
		96B7D1D31B96C43E00DC5D5F /* ViewController.m */ = {isa = PBXFileReference; lastKnownFileType = sourcecode.c.objc; path = ViewController.m; sourceTree = "<group>"; };
		96B7D1D81B96C43E00DC5D5F /* Images.xcassets */ = {isa = PBXFileReference; lastKnownFileType = folder.assetcatalog; path = Images.xcassets; sourceTree = "<group>"; };
		96B7D1DB1B96C43E00DC5D5F /* Base */ = {isa = PBXFileReference; lastKnownFileType = file.xib; name = Base; path = Base.lproj/LaunchScreen.xib; sourceTree = "<group>"; };
		96B7D1E11B96C43E00DC5D5F /* TelstraSampleAppTests.xctest */ = {isa = PBXFileReference; explicitFileType = wrapper.cfbundle; includeInIndex = 0; path = TelstraSampleAppTests.xctest; sourceTree = BUILT_PRODUCTS_DIR; };
		96B7D1E61B96C43E00DC5D5F /* Info.plist */ = {isa = PBXFileReference; lastKnownFileType = text.plist.xml; path = Info.plist; sourceTree = "<group>"; };
		96B7D1E71B96C43E00DC5D5F /* TelstraSampleAppTests.m */ = {isa = PBXFileReference; lastKnownFileType = sourcecode.c.objc; path = TelstraSampleAppTests.m; sourceTree = "<group>"; };
		96B7D1F11B96C62300DC5D5F /* TSACustomCell.h */ = {isa = PBXFileReference; fileEncoding = 4; lastKnownFileType = sourcecode.c.h; path = TSACustomCell.h; sourceTree = "<group>"; };
		96B7D1F21B96C62300DC5D5F /* TSACustomCell.m */ = {isa = PBXFileReference; fileEncoding = 4; lastKnownFileType = sourcecode.c.objc; path = TSACustomCell.m; sourceTree = "<group>"; };
		96B7D1F41B96CBAD00DC5D5F /* TSAAsyncServiceCall.h */ = {isa = PBXFileReference; fileEncoding = 4; lastKnownFileType = sourcecode.c.h; path = TSAAsyncServiceCall.h; sourceTree = "<group>"; };
		96B7D1F51B96CBAD00DC5D5F /* TSAAsyncServiceCall.m */ = {isa = PBXFileReference; fileEncoding = 4; lastKnownFileType = sourcecode.c.objc; path = TSAAsyncServiceCall.m; sourceTree = "<group>"; };
		96B7D1F71B96F5D500DC5D5F /* TSAImageDownloader.h */ = {isa = PBXFileReference; fileEncoding = 4; lastKnownFileType = sourcecode.c.h; path = TSAImageDownloader.h; sourceTree = "<group>"; };
		96B7D1F81B96F5D500DC5D5F /* TSAImageDownloader.m */ = {isa = PBXFileReference; fileEncoding = 4; lastKnownFileType = sourcecode.c.objc; path = TSAImageDownloader.m; sourceTree = "<group>"; };
/* End PBXFileReference section */

/* Begin PBXFrameworksBuildPhase section */
		96B7D1C51B96C43E00DC5D5F /* Frameworks */ = {
			isa = PBXFrameworksBuildPhase;
			buildActionMask = 2147483647;
			files = (
			);
			runOnlyForDeploymentPostprocessing = 0;
		};
		96B7D1DE1B96C43E00DC5D5F /* Frameworks */ = {
			isa = PBXFrameworksBuildPhase;
			buildActionMask = 2147483647;
			files = (
			);
			runOnlyForDeploymentPostprocessing = 0;
		};
/* End PBXFrameworksBuildPhase section */

/* Begin PBXGroup section */
		94D8954B1BA29A2D0096368C /* Modal */ = {
			isa = PBXGroup;
			children = (
				94D8954C1BA29AA10096368C /* TSAFacts.h */,
				94D8954D1BA29AA10096368C /* TSAFacts.m */,
				94D8954F1BA29F7D0096368C /* TSAFactDetails.h */,
				94D895501BA29F7D0096368C /* TSAFactDetails.m */,
			);
			name = Modal;
			sourceTree = "<group>";
		};
		9623235B1B986BDA0054296C /* ServiceHandler */ = {
			isa = PBXGroup;
			children = (
				96B7D1F41B96CBAD00DC5D5F /* TSAAsyncServiceCall.h */,
				96B7D1F51B96CBAD00DC5D5F /* TSAAsyncServiceCall.m */,
				96B7D1F71B96F5D500DC5D5F /* TSAImageDownloader.h */,
				96B7D1F81B96F5D500DC5D5F /* TSAImageDownloader.m */,
			);
			name = ServiceHandler;
			sourceTree = "<group>";
		};
		9623235C1B986C1B0054296C /* Classes */ = {
			isa = PBXGroup;
			children = (
				9643BB2C1B9D8507000915FC /* TableViewCustomCell */,
				9623235B1B986BDA0054296C /* ServiceHandler */,
				96B7D1D21B96C43E00DC5D5F /* ViewController.h */,
				96B7D1D31B96C43E00DC5D5F /* ViewController.m */,
				96B7D1CF1B96C43E00DC5D5F /* AppDelegate.h */,
				96B7D1D01B96C43E00DC5D5F /* AppDelegate.m */,
			);
			name = Classes;
			sourceTree = "<group>";
		};
		9623235F1B99BC3B0054296C /* Images */ = {
			isa = PBXGroup;
			children = (
				94DFC00E1BA2B3340038BD8A /* NoImage.png */,
				94D41D171BA02B09003C7FFB /* placeholder_50.png */,
				9623235D1B99BC2E0054296C /* Sync.png */,
			);
			name = Images;
			sourceTree = "<group>";
		};
		9643BB2A1B9D8465000915FC /* Controllers */ = {
			isa = PBXGroup;
			children = (
				9623235C1B986C1B0054296C /* Classes */,
			);
			name = Controllers;
			sourceTree = "<group>";
		};
		9643BB2B1B9D848A000915FC /* Common */ = {
			isa = PBXGroup;
			children = (
				9643BB261B9D5AE4000915FC /* TSAConstants.h */,
				9643BB271B9D5AE4000915FC /* TSAConstants.m */,
				9623235F1B99BC3B0054296C /* Images */,
			);
			name = Common;
			sourceTree = "<group>";
		};
		9643BB2C1B9D8507000915FC /* TableViewCustomCell */ = {
			isa = PBXGroup;
			children = (
				96B7D1F11B96C62300DC5D5F /* TSACustomCell.h */,
				96B7D1F21B96C62300DC5D5F /* TSACustomCell.m */,
			);
			name = TableViewCustomCell;
			sourceTree = "<group>";
		};
		9643BB2D1B9D85C0000915FC /* View */ = {
			isa = PBXGroup;
			children = (
				94D39F2B1B9EC0730096166B /* Main.storyboard */,
				96B7D1DA1B96C43E00DC5D5F /* LaunchScreen.xib */,
			);
			name = View;
			sourceTree = "<group>";
		};
		96B7D1BF1B96C43E00DC5D5F = {
			isa = PBXGroup;
			children = (
				96B7D1CA1B96C43E00DC5D5F /* TelstraSampleApp */,
				96B7D1E41B96C43E00DC5D5F /* TelstraSampleAppTests */,
				96B7D1C91B96C43E00DC5D5F /* Products */,
			);
			sourceTree = "<group>";
		};
		96B7D1C91B96C43E00DC5D5F /* Products */ = {
			isa = PBXGroup;
			children = (
				96B7D1C81B96C43E00DC5D5F /* TelstraSampleApp.app */,
				96B7D1E11B96C43E00DC5D5F /* TelstraSampleAppTests.xctest */,
			);
			name = Products;
			sourceTree = "<group>";
		};
		96B7D1CA1B96C43E00DC5D5F /* TelstraSampleApp */ = {
			isa = PBXGroup;
			children = (
				94D8954B1BA29A2D0096368C /* Modal */,
				9643BB2D1B9D85C0000915FC /* View */,
				9643BB2A1B9D8465000915FC /* Controllers */,
				9643BB2B1B9D848A000915FC /* Common */,
				96B7D1D81B96C43E00DC5D5F /* Images.xcassets */,
				96B7D1CB1B96C43E00DC5D5F /* Supporting Files */,
			);
			path = TelstraSampleApp;
			sourceTree = "<group>";
		};
		96B7D1CB1B96C43E00DC5D5F /* Supporting Files */ = {
			isa = PBXGroup;
			children = (
				96B7D1CC1B96C43E00DC5D5F /* Info.plist */,
				96B7D1CD1B96C43E00DC5D5F /* main.m */,
			);
			name = "Supporting Files";
			sourceTree = "<group>";
		};
		96B7D1E41B96C43E00DC5D5F /* TelstraSampleAppTests */ = {
			isa = PBXGroup;
			children = (
				96B7D1E71B96C43E00DC5D5F /* TelstraSampleAppTests.m */,
				96B7D1E51B96C43E00DC5D5F /* Supporting Files */,
			);
			path = TelstraSampleAppTests;
			sourceTree = "<group>";
		};
		96B7D1E51B96C43E00DC5D5F /* Supporting Files */ = {
			isa = PBXGroup;
			children = (
				96B7D1E61B96C43E00DC5D5F /* Info.plist */,
			);
			name = "Supporting Files";
			sourceTree = "<group>";
		};
/* End PBXGroup section */

/* Begin PBXNativeTarget section */
		96B7D1C71B96C43E00DC5D5F /* TelstraSampleApp */ = {
			isa = PBXNativeTarget;
			buildConfigurationList = 96B7D1EB1B96C43E00DC5D5F /* Build configuration list for PBXNativeTarget "TelstraSampleApp" */;
			buildPhases = (
				96B7D1C41B96C43E00DC5D5F /* Sources */,
				96B7D1C51B96C43E00DC5D5F /* Frameworks */,
				96B7D1C61B96C43E00DC5D5F /* Resources */,
			);
			buildRules = (
			);
			dependencies = (
			);
			name = TelstraSampleApp;
			productName = TelstraSampleApp;
			productReference = 96B7D1C81B96C43E00DC5D5F /* TelstraSampleApp.app */;
			productType = "com.apple.product-type.application";
		};
		96B7D1E01B96C43E00DC5D5F /* TelstraSampleAppTests */ = {
			isa = PBXNativeTarget;
			buildConfigurationList = 96B7D1EE1B96C43E00DC5D5F /* Build configuration list for PBXNativeTarget "TelstraSampleAppTests" */;
			buildPhases = (
				96B7D1DD1B96C43E00DC5D5F /* Sources */,
				96B7D1DE1B96C43E00DC5D5F /* Frameworks */,
				96B7D1DF1B96C43E00DC5D5F /* Resources */,
			);
			buildRules = (
			);
			dependencies = (
				96B7D1E31B96C43E00DC5D5F /* PBXTargetDependency */,
			);
			name = TelstraSampleAppTests;
			productName = TelstraSampleAppTests;
			productReference = 96B7D1E11B96C43E00DC5D5F /* TelstraSampleAppTests.xctest */;
			productType = "com.apple.product-type.bundle.unit-test";
		};
/* End PBXNativeTarget section */

/* Begin PBXProject section */
		96B7D1C01B96C43E00DC5D5F /* Project object */ = {
			isa = PBXProject;
			attributes = {
				LastUpgradeCheck = 0630;
				ORGANIZATIONNAME = Cognizant;
				TargetAttributes = {
					96B7D1C71B96C43E00DC5D5F = {
						CreatedOnToolsVersion = 6.3;
					};
					96B7D1E01B96C43E00DC5D5F = {
						CreatedOnToolsVersion = 6.3;
						TestTargetID = 96B7D1C71B96C43E00DC5D5F;
					};
				};
			};
			buildConfigurationList = 96B7D1C31B96C43E00DC5D5F /* Build configuration list for PBXProject "TelstraSampleApp" */;
			compatibilityVersion = "Xcode 3.2";
			developmentRegion = English;
			hasScannedForEncodings = 0;
			knownRegions = (
				en,
				Base,
			);
			mainGroup = 96B7D1BF1B96C43E00DC5D5F;
			productRefGroup = 96B7D1C91B96C43E00DC5D5F /* Products */;
			projectDirPath = "";
			projectRoot = "";
			targets = (
				96B7D1C71B96C43E00DC5D5F /* TelstraSampleApp */,
				96B7D1E01B96C43E00DC5D5F /* TelstraSampleAppTests */,
			);
		};
/* End PBXProject section */

/* Begin PBXResourcesBuildPhase section */
		96B7D1C61B96C43E00DC5D5F /* Resources */ = {
			isa = PBXResourcesBuildPhase;
			buildActionMask = 2147483647;
			files = (
				9623235E1B99BC2F0054296C /* Sync.png in Resources */,
				96B7D1DC1B96C43E00DC5D5F /* LaunchScreen.xib in Resources */,
				96B7D1D91B96C43E00DC5D5F /* Images.xcassets in Resources */,
				94D41D181BA02B09003C7FFB /* placeholder_50.png in Resources */,
				94DFC00F1BA2B3340038BD8A /* NoImage.png in Resources */,
				94D39F2D1B9EC0730096166B /* Main.storyboard in Resources */,
			);
			runOnlyForDeploymentPostprocessing = 0;
		};
		96B7D1DF1B96C43E00DC5D5F /* Resources */ = {
			isa = PBXResourcesBuildPhase;
			buildActionMask = 2147483647;
			files = (
			);
			runOnlyForDeploymentPostprocessing = 0;
		};
/* End PBXResourcesBuildPhase section */

/* Begin PBXSourcesBuildPhase section */
		96B7D1C41B96C43E00DC5D5F /* Sources */ = {
			isa = PBXSourcesBuildPhase;
			buildActionMask = 2147483647;
			files = (
				96B7D1D41B96C43E00DC5D5F /* ViewController.m in Sources */,
				96B7D1F91B96F5D500DC5D5F /* TSAImageDownloader.m in Sources */,
				94D895511BA29F7D0096368C /* TSAFactDetails.m in Sources */,
				96B7D1D11B96C43E00DC5D5F /* AppDelegate.m in Sources */,
				94D8954E1BA29AA10096368C /* TSAFacts.m in Sources */,
				96B7D1F61B96CBAD00DC5D5F /* TSAAsyncServiceCall.m in Sources */,
				96B7D1F31B96C62300DC5D5F /* TSACustomCell.m in Sources */,
				9643BB281B9D5AE4000915FC /* TSAConstants.m in Sources */,
				96B7D1CE1B96C43E00DC5D5F /* main.m in Sources */,
			);
			runOnlyForDeploymentPostprocessing = 0;
		};
		96B7D1DD1B96C43E00DC5D5F /* Sources */ = {
			isa = PBXSourcesBuildPhase;
			buildActionMask = 2147483647;
			files = (
				96B7D1E81B96C43E00DC5D5F /* TelstraSampleAppTests.m in Sources */,
			);
			runOnlyForDeploymentPostprocessing = 0;
		};
/* End PBXSourcesBuildPhase section */

/* Begin PBXTargetDependency section */
		96B7D1E31B96C43E00DC5D5F /* PBXTargetDependency */ = {
			isa = PBXTargetDependency;
			target = 96B7D1C71B96C43E00DC5D5F /* TelstraSampleApp */;
			targetProxy = 96B7D1E21B96C43E00DC5D5F /* PBXContainerItemProxy */;
		};
/* End PBXTargetDependency section */

/* Begin PBXVariantGroup section */
		94D39F2B1B9EC0730096166B /* Main.storyboard */ = {
			isa = PBXVariantGroup;
			children = (
				94D39F2C1B9EC0730096166B /* Base */,
			);
			name = Main.storyboard;
			sourceTree = "<group>";
		};
		96B7D1DA1B96C43E00DC5D5F /* LaunchScreen.xib */ = {
			isa = PBXVariantGroup;
			children = (
				96B7D1DB1B96C43E00DC5D5F /* Base */,
			);
			name = LaunchScreen.xib;
			sourceTree = "<group>";
		};
/* End PBXVariantGroup section */

/* Begin XCBuildConfiguration section */
		96B7D1E91B96C43E00DC5D5F /* Debug */ = {
			isa = XCBuildConfiguration;
			buildSettings = {
				ALWAYS_SEARCH_USER_PATHS = NO;
				CLANG_CXX_LANGUAGE_STANDARD = "gnu++0x";
				CLANG_CXX_LIBRARY = "libc++";
				CLANG_ENABLE_MODULES = YES;
				CLANG_ENABLE_OBJC_ARC = YES;
				CLANG_WARN_BOOL_CONVERSION = YES;
				CLANG_WARN_CONSTANT_CONVERSION = YES;
				CLANG_WARN_DIRECT_OBJC_ISA_USAGE = YES_ERROR;
				CLANG_WARN_EMPTY_BODY = YES;
				CLANG_WARN_ENUM_CONVERSION = YES;
				CLANG_WARN_INT_CONVERSION = YES;
				CLANG_WARN_OBJC_ROOT_CLASS = YES_ERROR;
				CLANG_WARN_UNREACHABLE_CODE = YES;
				CLANG_WARN__DUPLICATE_METHOD_MATCH = YES;
				"CODE_SIGN_IDENTITY[sdk=iphoneos*]" = "iPhone Developer";
				COPY_PHASE_STRIP = NO;
				DEBUG_INFORMATION_FORMAT = "dwarf-with-dsym";
				ENABLE_STRICT_OBJC_MSGSEND = YES;
				GCC_C_LANGUAGE_STANDARD = gnu99;
				GCC_DYNAMIC_NO_PIC = NO;
				GCC_NO_COMMON_BLOCKS = YES;
				GCC_OPTIMIZATION_LEVEL = 0;
				GCC_PREPROCESSOR_DEFINITIONS = (
					"DEBUG=1",
					"$(inherited)",
				);
				GCC_SYMBOLS_PRIVATE_EXTERN = NO;
				GCC_WARN_64_TO_32_BIT_CONVERSION = YES;
				GCC_WARN_ABOUT_RETURN_TYPE = YES_ERROR;
				GCC_WARN_UNDECLARED_SELECTOR = YES;
				GCC_WARN_UNINITIALIZED_AUTOS = YES_AGGRESSIVE;
				GCC_WARN_UNUSED_FUNCTION = YES;
				GCC_WARN_UNUSED_VARIABLE = YES;
				IPHONEOS_DEPLOYMENT_TARGET = 7.0;
				MTL_ENABLE_DEBUG_INFO = YES;
				ONLY_ACTIVE_ARCH = YES;
				SDKROOT = iphoneos;
			};
			name = Debug;
		};
		96B7D1EA1B96C43E00DC5D5F /* Release */ = {
			isa = XCBuildConfiguration;
			buildSettings = {
				ALWAYS_SEARCH_USER_PATHS = NO;
				CLANG_CXX_LANGUAGE_STANDARD = "gnu++0x";
				CLANG_CXX_LIBRARY = "libc++";
				CLANG_ENABLE_MODULES = YES;
				CLANG_ENABLE_OBJC_ARC = YES;
				CLANG_WARN_BOOL_CONVERSION = YES;
				CLANG_WARN_CONSTANT_CONVERSION = YES;
				CLANG_WARN_DIRECT_OBJC_ISA_USAGE = YES_ERROR;
				CLANG_WARN_EMPTY_BODY = YES;
				CLANG_WARN_ENUM_CONVERSION = YES;
				CLANG_WARN_INT_CONVERSION = YES;
				CLANG_WARN_OBJC_ROOT_CLASS = YES_ERROR;
				CLANG_WARN_UNREACHABLE_CODE = YES;
				CLANG_WARN__DUPLICATE_METHOD_MATCH = YES;
				"CODE_SIGN_IDENTITY[sdk=iphoneos*]" = "iPhone Developer";
				COPY_PHASE_STRIP = NO;
				DEBUG_INFORMATION_FORMAT = "dwarf-with-dsym";
				ENABLE_NS_ASSERTIONS = NO;
				ENABLE_STRICT_OBJC_MSGSEND = YES;
				GCC_C_LANGUAGE_STANDARD = gnu99;
				GCC_NO_COMMON_BLOCKS = YES;
				GCC_WARN_64_TO_32_BIT_CONVERSION = YES;
				GCC_WARN_ABOUT_RETURN_TYPE = YES_ERROR;
				GCC_WARN_UNDECLARED_SELECTOR = YES;
				GCC_WARN_UNINITIALIZED_AUTOS = YES_AGGRESSIVE;
				GCC_WARN_UNUSED_FUNCTION = YES;
				GCC_WARN_UNUSED_VARIABLE = YES;
				IPHONEOS_DEPLOYMENT_TARGET = 7.0;
				MTL_ENABLE_DEBUG_INFO = NO;
				SDKROOT = iphoneos;
				VALIDATE_PRODUCT = YES;
			};
			name = Release;
		};
		96B7D1EC1B96C43E00DC5D5F /* Debug */ = {
			isa = XCBuildConfiguration;
			buildSettings = {
				ASSETCATALOG_COMPILER_APPICON_NAME = AppIcon;
				ASSETCATALOG_COMPILER_LAUNCHIMAGE_NAME = LaunchImage;
				INFOPLIST_FILE = TelstraSampleApp/Info.plist;
				IPHONEOS_DEPLOYMENT_TARGET = 7.0;
				LD_RUNPATH_SEARCH_PATHS = "$(inherited) @executable_path/Frameworks";
				LIBRARY_SEARCH_PATHS = (
					"$(inherited)",
					"$(SDKROOT)/usr/lib/system",
				);
				PRODUCT_NAME = "$(TARGET_NAME)";
			};
			name = Debug;
		};
		96B7D1ED1B96C43E00DC5D5F /* Release */ = {
			isa = XCBuildConfiguration;
			buildSettings = {
				ASSETCATALOG_COMPILER_APPICON_NAME = AppIcon;
				ASSETCATALOG_COMPILER_LAUNCHIMAGE_NAME = LaunchImage;
				INFOPLIST_FILE = TelstraSampleApp/Info.plist;
				IPHONEOS_DEPLOYMENT_TARGET = 7.0;
				LD_RUNPATH_SEARCH_PATHS = "$(inherited) @executable_path/Frameworks";
				LIBRARY_SEARCH_PATHS = (
					"$(inherited)",
					"$(SDKROOT)/usr/lib/system",
				);
				PRODUCT_NAME = "$(TARGET_NAME)";
			};
			name = Release;
		};
		96B7D1EF1B96C43E00DC5D5F /* Debug */ = {
			isa = XCBuildConfiguration;
			buildSettings = {
				BUNDLE_LOADER = "$(TEST_HOST)";
				FRAMEWORK_SEARCH_PATHS = (
					"$(SDKROOT)/Developer/Library/Frameworks",
					"$(inherited)",
				);
				GCC_PREPROCESSOR_DEFINITIONS = (
					"DEBUG=1",
					"$(inherited)",
				);
				INFOPLIST_FILE = TelstraSampleAppTests/Info.plist;
				LD_RUNPATH_SEARCH_PATHS = "$(inherited) @executable_path/Frameworks @loader_path/Frameworks";
				PRODUCT_NAME = "$(TARGET_NAME)";
				TEST_HOST = "$(BUILT_PRODUCTS_DIR)/TelstraSampleApp.app/TelstraSampleApp";
			};
			name = Debug;
		};
		96B7D1F01B96C43E00DC5D5F /* Release */ = {
			isa = XCBuildConfiguration;
			buildSettings = {
				BUNDLE_LOADER = "$(TEST_HOST)";
				FRAMEWORK_SEARCH_PATHS = (
					"$(SDKROOT)/Developer/Library/Frameworks",
					"$(inherited)",
				);
				INFOPLIST_FILE = TelstraSampleAppTests/Info.plist;
				LD_RUNPATH_SEARCH_PATHS = "$(inherited) @executable_path/Frameworks @loader_path/Frameworks";
				PRODUCT_NAME = "$(TARGET_NAME)";
				TEST_HOST = "$(BUILT_PRODUCTS_DIR)/TelstraSampleApp.app/TelstraSampleApp";
			};
			name = Release;
		};
/* End XCBuildConfiguration section */

/* Begin XCConfigurationList section */
		96B7D1C31B96C43E00DC5D5F /* Build configuration list for PBXProject "TelstraSampleApp" */ = {
			isa = XCConfigurationList;
			buildConfigurations = (
				96B7D1E91B96C43E00DC5D5F /* Debug */,
				96B7D1EA1B96C43E00DC5D5F /* Release */,
			);
			defaultConfigurationIsVisible = 0;
			defaultConfigurationName = Release;
		};
		96B7D1EB1B96C43E00DC5D5F /* Build configuration list for PBXNativeTarget "TelstraSampleApp" */ = {
			isa = XCConfigurationList;
			buildConfigurations = (
				96B7D1EC1B96C43E00DC5D5F /* Debug */,
				96B7D1ED1B96C43E00DC5D5F /* Release */,
			);
			defaultConfigurationIsVisible = 0;
			defaultConfigurationName = Release;
		};
		96B7D1EE1B96C43E00DC5D5F /* Build configuration list for PBXNativeTarget "TelstraSampleAppTests" */ = {
			isa = XCConfigurationList;
			buildConfigurations = (
				96B7D1EF1B96C43E00DC5D5F /* Debug */,
				96B7D1F01B96C43E00DC5D5F /* Release */,
			);
			defaultConfigurationIsVisible = 0;
			defaultConfigurationName = Release;
		};
/* End XCConfigurationList section */
	};
	rootObject = 96B7D1C01B96C43E00DC5D5F /* Project object */;
}
